
Microsoft Visual Studio Solution File, Format Version 12.00
# Visual Studio Version 17
VisualStudioVersion = 17.14.36429.23 d17.14
MinimumVisualStudioVersion = 10.0.40219.1
Project("{FAE04EC0-301F-11D3-BF4B-00C04F79EFBC}") = "UART_cubeide", "UART_cubeide\UART_cubeide.csproj", "{115364B8-49A5-430E-884D-D2E0A8FE72BE}"
EndProject
Global
	GlobalSection(SolutionConfigurationPlatforms) = preSolution
		Debug|Any CPU = Debug|Any CPU
		Release|Any CPU = Release|Any CPU
	EndGlobalSection
	GlobalSection(ProjectConfigurationPlatforms) = postSolution
		{115364B8-49A5-430E-884D-D2E0A8FE72BE}.Debug|Any CPU.ActiveCfg = Debug|Any CPU
		{115364B8-49A5-430E-884D-D2E0A8FE72BE}.Debug|Any CPU.Build.0 = Debug|Any CPU
		{115364B8-49A5-430E-884D-D2E0A8FE72BE}.Release|Any CPU.ActiveCfg = Release|Any CPU
		{115364B8-49A5-430E-884D-D2E0A8FE72BE}.Release|Any CPU.Build.0 = Release|Any CPU
	EndGlobalSection
	GlobalSection(SolutionProperties) = preSolution
		HideSolutionNode = FALSE
	EndGlobalSection
	GlobalSection(ExtensibilityGlobals) = postSolution
		SolutionGuid = {47286710-1025-4985-B2C5-4077B07D6907}
	EndGlobalSection
EndGlobal
